
Microsoft Visual Studio Solution File, Format Version 12.00
# Visual Studio Version 17
VisualStudioVersion = 17.4.33103.184
MinimumVisualStudioVersion = 10.0.40219.1
Project("{FAE04EC0-301F-11D3-BF4B-00C04F79EFBC}") = "прак 15", "прак 15\прак 15.csproj", "{FCC9E153-F7C6-46A3-AB71-0082B6001A38}"
EndProject
Global
	GlobalSection(SolutionConfigurationPlatforms) = preSolution
		Debug|Any CPU = Debug|Any CPU
		Release|Any CPU = Release|Any CPU
	EndGlobalSection
	GlobalSection(ProjectConfigurationPlatforms) = postSolution
		{FCC9E153-F7C6-46A3-AB71-0082B6001A38}.Debug|Any CPU.ActiveCfg = Debug|Any CPU
		{FCC9E153-F7C6-46A3-AB71-0082B6001A38}.Debug|Any CPU.Build.0 = Debug|Any CPU
		{FCC9E153-F7C6-46A3-AB71-0082B6001A38}.Release|Any CPU.ActiveCfg = Release|Any CPU
		{FCC9E153-F7C6-46A3-AB71-0082B6001A38}.Release|Any CPU.Build.0 = Release|Any CPU
	EndGlobalSection
	GlobalSection(SolutionProperties) = preSolution
		HideSolutionNode = FALSE
	EndGlobalSection
	GlobalSection(ExtensibilityGlobals) = postSolution
		SolutionGuid = {16EDE9A1-735B-4316-8BE8-0F4D4DF80A9C}
	EndGlobalSection
EndGlobal
