
Microsoft Visual Studio Solution File, Format Version 12.00
# Visual Studio Version 17
VisualStudioVersion = 17.4.33103.184
MinimumVisualStudioVersion = 10.0.40219.1
Project("{FAE04EC0-301F-11D3-BF4B-00C04F79EFBC}") = "прак 17", "прак 17\прак 17.csproj", "{CC12B8B8-89B9-4989-8F45-6E48DF3512F0}"
EndProject
Global
	GlobalSection(SolutionConfigurationPlatforms) = preSolution
		Debug|Any CPU = Debug|Any CPU
		Release|Any CPU = Release|Any CPU
	EndGlobalSection
	GlobalSection(ProjectConfigurationPlatforms) = postSolution
		{CC12B8B8-89B9-4989-8F45-6E48DF3512F0}.Debug|Any CPU.ActiveCfg = Debug|Any CPU
		{CC12B8B8-89B9-4989-8F45-6E48DF3512F0}.Debug|Any CPU.Build.0 = Debug|Any CPU
		{CC12B8B8-89B9-4989-8F45-6E48DF3512F0}.Release|Any CPU.ActiveCfg = Release|Any CPU
		{CC12B8B8-89B9-4989-8F45-6E48DF3512F0}.Release|Any CPU.Build.0 = Release|Any CPU
	EndGlobalSection
	GlobalSection(SolutionProperties) = preSolution
		HideSolutionNode = FALSE
	EndGlobalSection
	GlobalSection(ExtensibilityGlobals) = postSolution
		SolutionGuid = {AA1C9913-DD9D-4B1E-8817-F6D7A43ED2C1}
	EndGlobalSection
EndGlobal
