
Microsoft Visual Studio Solution File, Format Version 12.00
# Visual Studio Version 17
VisualStudioVersion = 17.4.33103.184
MinimumVisualStudioVersion = 10.0.40219.1
Project("{FAE04EC0-301F-11D3-BF4B-00C04F79EFBC}") = "прак 10", "прак 10\прак 10.csproj", "{B16FA2C4-DD5B-4C51-BCF5-1AB593C16413}"
EndProject
Global
	GlobalSection(SolutionConfigurationPlatforms) = preSolution
		Debug|Any CPU = Debug|Any CPU
		Release|Any CPU = Release|Any CPU
	EndGlobalSection
	GlobalSection(ProjectConfigurationPlatforms) = postSolution
		{B16FA2C4-DD5B-4C51-BCF5-1AB593C16413}.Debug|Any CPU.ActiveCfg = Debug|Any CPU
		{B16FA2C4-DD5B-4C51-BCF5-1AB593C16413}.Debug|Any CPU.Build.0 = Debug|Any CPU
		{B16FA2C4-DD5B-4C51-BCF5-1AB593C16413}.Release|Any CPU.ActiveCfg = Release|Any CPU
		{B16FA2C4-DD5B-4C51-BCF5-1AB593C16413}.Release|Any CPU.Build.0 = Release|Any CPU
	EndGlobalSection
	GlobalSection(SolutionProperties) = preSolution
		HideSolutionNode = FALSE
	EndGlobalSection
	GlobalSection(ExtensibilityGlobals) = postSolution
		SolutionGuid = {4C08DBCD-8C1A-455D-8FC3-EF72FEF11D0B}
	EndGlobalSection
EndGlobal
