
Microsoft Visual Studio Solution File, Format Version 12.00
# Visual Studio Version 17
VisualStudioVersion = 17.4.33103.184
MinimumVisualStudioVersion = 10.0.40219.1
Project("{FAE04EC0-301F-11D3-BF4B-00C04F79EFBC}") = "п7_2", "п7_2\п7_2.csproj", "{6B248248-A8B4-42DC-AED7-FD0398B57295}"
EndProject
Global
	GlobalSection(SolutionConfigurationPlatforms) = preSolution
		Debug|Any CPU = Debug|Any CPU
		Release|Any CPU = Release|Any CPU
	EndGlobalSection
	GlobalSection(ProjectConfigurationPlatforms) = postSolution
		{6B248248-A8B4-42DC-AED7-FD0398B57295}.Debug|Any CPU.ActiveCfg = Debug|Any CPU
		{6B248248-A8B4-42DC-AED7-FD0398B57295}.Debug|Any CPU.Build.0 = Debug|Any CPU
		{6B248248-A8B4-42DC-AED7-FD0398B57295}.Release|Any CPU.ActiveCfg = Release|Any CPU
		{6B248248-A8B4-42DC-AED7-FD0398B57295}.Release|Any CPU.Build.0 = Release|Any CPU
	EndGlobalSection
	GlobalSection(SolutionProperties) = preSolution
		HideSolutionNode = FALSE
	EndGlobalSection
	GlobalSection(ExtensibilityGlobals) = postSolution
		SolutionGuid = {8431313E-AD01-496E-8610-269D72375EBA}
	EndGlobalSection
EndGlobal
